{
  "name": "bksi",
  "version": "1.0.0",
  "lockfileVersion": 3,
  "requires": true,
  "packages": {
    "": {
      "name": "bksi",
      "version": "1.0.0",
      "dependencies": {
        "bksi": "file:"
      }
    },
    "node_modules/bksi": {
      "resolved": "",
      "link": true
    }
  }
}
